
Microsoft Visual Studio Solution File, Format Version 12.00
# Visual Studio Version 17
VisualStudioVersion = 17.4.33122.133
MinimumVisualStudioVersion = 16.0.0.0
Project("{9A19103F-16F7-4668-BE54-9A1E7A4F7556}") = "RigidBodyPhysicBug.Windows", "RigidBodyPhysicBug.Windows\RigidBodyPhysicBug.Windows.csproj", "{423EDFED-E46C-4BD7-8F0B-4AFEB346F715}"
EndProject
Project("{9A19103F-16F7-4668-BE54-9A1E7A4F7556}") = "RigidBodyPhysicBug", "RigidBodyPhysicBug\RigidBodyPhysicBug.csproj", "{0970F98D-263E-43E6-896A-A6D10689D479}"
EndProject
Global
	GlobalSection(SolutionConfigurationPlatforms) = preSolution
		Debug|Any CPU = Debug|Any CPU
		Release|Any CPU = Release|Any CPU
	EndGlobalSection
	GlobalSection(ProjectConfigurationPlatforms) = postSolution
		{423EDFED-E46C-4BD7-8F0B-4AFEB346F715}.Debug|Any CPU.ActiveCfg = Debug|Any CPU
		{423EDFED-E46C-4BD7-8F0B-4AFEB346F715}.Debug|Any CPU.Build.0 = Debug|Any CPU
		{423EDFED-E46C-4BD7-8F0B-4AFEB346F715}.Release|Any CPU.ActiveCfg = Release|Any CPU
		{423EDFED-E46C-4BD7-8F0B-4AFEB346F715}.Release|Any CPU.Build.0 = Release|Any CPU
		{0970F98D-263E-43E6-896A-A6D10689D479}.Debug|Any CPU.ActiveCfg = Debug|Any CPU
		{0970F98D-263E-43E6-896A-A6D10689D479}.Debug|Any CPU.Build.0 = Debug|Any CPU
		{0970F98D-263E-43E6-896A-A6D10689D479}.Release|Any CPU.ActiveCfg = Release|Any CPU
		{0970F98D-263E-43E6-896A-A6D10689D479}.Release|Any CPU.Build.0 = Release|Any CPU
	EndGlobalSection
	GlobalSection(SolutionProperties) = preSolution
		HideSolutionNode = FALSE
	EndGlobalSection
	GlobalSection(ExtensibilityGlobals) = postSolution
		SolutionGuid = {4D2574FB-F350-4713-8534-95E838847015}
	EndGlobalSection
EndGlobal
